
Microsoft Visual Studio Solution File, Format Version 12.00
# Visual Studio Version 17
VisualStudioVersion = 17.2.32630.192
MinimumVisualStudioVersion = 10.0.40219.1
Project("{FAE04EC0-301F-11D3-BF4B-00C04F79EFBC}") = "StringsAndDateTimes", "StringsAndDateTimes\StringsAndDateTimes.csproj", "{EBD7E603-6D0C-4597-B656-7657D326D809}"
EndProject
Global
	GlobalSection(SolutionConfigurationPlatforms) = preSolution
		Debug|Any CPU = Debug|Any CPU
		Release|Any CPU = Release|Any CPU
	EndGlobalSection
	GlobalSection(ProjectConfigurationPlatforms) = postSolution
		{EBD7E603-6D0C-4597-B656-7657D326D809}.Debug|Any CPU.ActiveCfg = Debug|Any CPU
		{EBD7E603-6D0C-4597-B656-7657D326D809}.Debug|Any CPU.Build.0 = Debug|Any CPU
		{EBD7E603-6D0C-4597-B656-7657D326D809}.Release|Any CPU.ActiveCfg = Release|Any CPU
		{EBD7E603-6D0C-4597-B656-7657D326D809}.Release|Any CPU.Build.0 = Release|Any CPU
	EndGlobalSection
	GlobalSection(SolutionProperties) = preSolution
		HideSolutionNode = FALSE
	EndGlobalSection
	GlobalSection(ExtensibilityGlobals) = postSolution
		SolutionGuid = {FE3B6296-5807-4796-A3AE-9E8B1C77138D}
	EndGlobalSection
EndGlobal
